
Microsoft Visual Studio Solution File, Format Version 12.00
# Visual Studio 2013
VisualStudioVersion = 12.0.30501.0
MinimumVisualStudioVersion = 10.0.40219.1
Project("{E24C65DC-7377-472B-9ABA-BC803B73C61A}") = "HTML5-localstorage-estudo", "http://localhost:14028", "{DAF099DB-9429-4E8E-947B-B67B04FBD690}"
	ProjectSection(WebsiteProperties) = preProject
		UseIISExpress = "true"
		TargetFrameworkMoniker = ".NETFramework,Version%3Dv2.0"
		Debug.AspNetCompiler.VirtualPath = "/localhost_14028"
		Debug.AspNetCompiler.PhysicalPath = "..\..\..\GitHub\HTML5-localstorage-estudo\"
		Debug.AspNetCompiler.TargetPath = "PrecompiledWeb\localhost_14028\"
		Debug.AspNetCompiler.Updateable = "true"
		Debug.AspNetCompiler.ForceOverwrite = "true"
		Debug.AspNetCompiler.FixedNames = "false"
		Debug.AspNetCompiler.Debug = "True"
		Release.AspNetCompiler.VirtualPath = "/localhost_14028"
		Release.AspNetCompiler.PhysicalPath = "..\..\..\GitHub\HTML5-localstorage-estudo\"
		Release.AspNetCompiler.TargetPath = "PrecompiledWeb\localhost_14028\"
		Release.AspNetCompiler.Updateable = "true"
		Release.AspNetCompiler.ForceOverwrite = "true"
		Release.AspNetCompiler.FixedNames = "false"
		Release.AspNetCompiler.Debug = "False"
		SlnRelativePath = "..\..\..\GitHub\HTML5-localstorage-estudo\"
		DefaultWebSiteLanguage = "Visual C#"
	EndProjectSection
EndProject
Global
	GlobalSection(SolutionConfigurationPlatforms) = preSolution
		Debug|Any CPU = Debug|Any CPU
	EndGlobalSection
	GlobalSection(ProjectConfigurationPlatforms) = postSolution
		{DAF099DB-9429-4E8E-947B-B67B04FBD690}.Debug|Any CPU.ActiveCfg = Debug|Any CPU
		{DAF099DB-9429-4E8E-947B-B67B04FBD690}.Debug|Any CPU.Build.0 = Debug|Any CPU
	EndGlobalSection
	GlobalSection(SolutionProperties) = preSolution
		HideSolutionNode = FALSE
	EndGlobalSection
EndGlobal
